
Microsoft Visual Studio Solution File, Format Version 12.00
# Visual Studio 14
VisualStudioVersion = 14.0.25123.0
MinimumVisualStudioVersion = 10.0.40219.1
Project("{2150E333-8FDC-42A3-9474-1A3956D46DE8}") = "src", "src", "{0FAB1D91-8797-4A26-B350-2A1F8C79C842}"
EndProject
Project("{2150E333-8FDC-42A3-9474-1A3956D46DE8}") = "Solution Items", "Solution Items", "{EE884499-613A-4FAC-8817-2837642B5BE6}"
	ProjectSection(SolutionItems) = preProject
		global.json = global.json
	EndProjectSection
EndProject
Project("{8BB2217D-0F2D-49D1-97BC-3654ED321F3B}") = "Angular2Practice", "src\Angular2Practice\Angular2Practice.xproj", "{25544534-20C9-4BAF-99D1-0EF239D30513}"
EndProject
Global
	GlobalSection(SolutionConfigurationPlatforms) = preSolution
		Debug|Any CPU = Debug|Any CPU
		Release|Any CPU = Release|Any CPU
	EndGlobalSection
	GlobalSection(ProjectConfigurationPlatforms) = postSolution
		{25544534-20C9-4BAF-99D1-0EF239D30513}.Debug|Any CPU.ActiveCfg = Debug|Any CPU
		{25544534-20C9-4BAF-99D1-0EF239D30513}.Debug|Any CPU.Build.0 = Debug|Any CPU
		{25544534-20C9-4BAF-99D1-0EF239D30513}.Release|Any CPU.ActiveCfg = Release|Any CPU
		{25544534-20C9-4BAF-99D1-0EF239D30513}.Release|Any CPU.Build.0 = Release|Any CPU
	EndGlobalSection
	GlobalSection(SolutionProperties) = preSolution
		HideSolutionNode = FALSE
	EndGlobalSection
	GlobalSection(NestedProjects) = preSolution
		{25544534-20C9-4BAF-99D1-0EF239D30513} = {0FAB1D91-8797-4A26-B350-2A1F8C79C842}
	EndGlobalSection
EndGlobal
